
Microsoft Visual Studio Solution File, Format Version 12.00
# Visual Studio 2013
VisualStudioVersion = 12.0.40629.0
MinimumVisualStudioVersion = 10.0.40219.1
Project("{FAE04EC0-301F-11D3-BF4B-00C04F79EFBC}") = "MonoMVC", "MonoMVC\MonoMVC.csproj", "{A6C71AC9-3CF1-4A17-9D95-3224192BA13D}"
EndProject
Global
	GlobalSection(SolutionConfigurationPlatforms) = preSolution
		Debug|Any CPU = Debug|Any CPU
		Release|Any CPU = Release|Any CPU
	EndGlobalSection
	GlobalSection(ProjectConfigurationPlatforms) = postSolution
		{A6C71AC9-3CF1-4A17-9D95-3224192BA13D}.Debug|Any CPU.ActiveCfg = Debug|Any CPU
		{A6C71AC9-3CF1-4A17-9D95-3224192BA13D}.Debug|Any CPU.Build.0 = Debug|Any CPU
		{A6C71AC9-3CF1-4A17-9D95-3224192BA13D}.Release|Any CPU.ActiveCfg = Release|Any CPU
		{A6C71AC9-3CF1-4A17-9D95-3224192BA13D}.Release|Any CPU.Build.0 = Release|Any CPU
	EndGlobalSection
	GlobalSection(SolutionProperties) = preSolution
		HideSolutionNode = FALSE
	EndGlobalSection
EndGlobal
